
Microsoft Visual Studio Solution File, Format Version 12.00
# Visual Studio Version 17
VisualStudioVersion = 17.7.34018.315
MinimumVisualStudioVersion = 10.0.40219.1
Project("{8BC9CEB8-8B4A-11D0-8D11-00A0C91BC942}") = "CubeEngine", "CEngine\CEngine.vcxproj", "{0E382DB2-4FB2-470B-ACBD-B04377DE1CC6}"
EndProject
Global
	GlobalSection(SolutionConfigurationPlatforms) = preSolution
		Debug|Any CPU = Debug|Any CPU
		Debug|x64 = Debug|x64
		Debug|x86 = Debug|x86
		MinSizeRel|Any CPU = MinSizeRel|Any CPU
		MinSizeRel|x64 = MinSizeRel|x64
		MinSizeRel|x86 = MinSizeRel|x86
		Release|Any CPU = Release|Any CPU
		Release|x64 = Release|x64
		Release|x86 = Release|x86
		RelWithDebInfo|Any CPU = RelWithDebInfo|Any CPU
		RelWithDebInfo|x64 = RelWithDebInfo|x64
		RelWithDebInfo|x86 = RelWithDebInfo|x86
	EndGlobalSection
	GlobalSection(ProjectConfigurationPlatforms) = postSolution
		{0E382DB2-4FB2-470B-ACBD-B04377DE1CC6}.Debug|Any CPU.ActiveCfg = Debug|x64
		{0E382DB2-4FB2-470B-ACBD-B04377DE1CC6}.Debug|Any CPU.Build.0 = Debug|x64
		{0E382DB2-4FB2-470B-ACBD-B04377DE1CC6}.Debug|x64.ActiveCfg = Debug|x64
		{0E382DB2-4FB2-470B-ACBD-B04377DE1CC6}.Debug|x64.Build.0 = Debug|x64
		{0E382DB2-4FB2-470B-ACBD-B04377DE1CC6}.Debug|x86.ActiveCfg = Debug|Win32
		{0E382DB2-4FB2-470B-ACBD-B04377DE1CC6}.MinSizeRel|Any CPU.ActiveCfg = Release|x64
		{0E382DB2-4FB2-470B-ACBD-B04377DE1CC6}.MinSizeRel|Any CPU.Build.0 = Release|x64
		{0E382DB2-4FB2-470B-ACBD-B04377DE1CC6}.MinSizeRel|x64.ActiveCfg = Release|x64
		{0E382DB2-4FB2-470B-ACBD-B04377DE1CC6}.MinSizeRel|x64.Build.0 = Release|x64
		{0E382DB2-4FB2-470B-ACBD-B04377DE1CC6}.MinSizeRel|x86.ActiveCfg = Release|Win32
		{0E382DB2-4FB2-470B-ACBD-B04377DE1CC6}.MinSizeRel|x86.Build.0 = Release|Win32
		{0E382DB2-4FB2-470B-ACBD-B04377DE1CC6}.Release|Any CPU.ActiveCfg = Release|x64
		{0E382DB2-4FB2-470B-ACBD-B04377DE1CC6}.Release|Any CPU.Build.0 = Release|x64
		{0E382DB2-4FB2-470B-ACBD-B04377DE1CC6}.Release|x64.ActiveCfg = Release|x64
		{0E382DB2-4FB2-470B-ACBD-B04377DE1CC6}.Release|x64.Build.0 = Release|x64
		{0E382DB2-4FB2-470B-ACBD-B04377DE1CC6}.Release|x86.ActiveCfg = Release|Win32
		{0E382DB2-4FB2-470B-ACBD-B04377DE1CC6}.RelWithDebInfo|Any CPU.ActiveCfg = Release|x64
		{0E382DB2-4FB2-470B-ACBD-B04377DE1CC6}.RelWithDebInfo|Any CPU.Build.0 = Release|x64
		{0E382DB2-4FB2-470B-ACBD-B04377DE1CC6}.RelWithDebInfo|x64.ActiveCfg = Release|x64
		{0E382DB2-4FB2-470B-ACBD-B04377DE1CC6}.RelWithDebInfo|x64.Build.0 = Release|x64
		{0E382DB2-4FB2-470B-ACBD-B04377DE1CC6}.RelWithDebInfo|x86.ActiveCfg = Release|Win32
		{0E382DB2-4FB2-470B-ACBD-B04377DE1CC6}.RelWithDebInfo|x86.Build.0 = Release|Win32
	EndGlobalSection
	GlobalSection(SolutionProperties) = preSolution
		HideSolutionNode = FALSE
	EndGlobalSection
	GlobalSection(ExtensibilityGlobals) = postSolution
		SolutionGuid = {B9CCBBE9-E374-4479-AFD6-77762D406DD1}
	EndGlobalSection
EndGlobal
